
Microsoft Visual Studio Solution File, Format Version 12.00
# Visual Studio 15
VisualStudioVersion = 15.0.28307.421
MinimumVisualStudioVersion = 10.0.40219.1
Project("{FAE04EC0-301F-11D3-BF4B-00C04F79EFBC}") = "Front", "Front\Front.csproj", "{92F514BD-5BDD-43F7-B6B3-763EF3F2B1C2}"
EndProject
Project("{FAE04EC0-301F-11D3-BF4B-00C04F79EFBC}") = "HtmlBuilder", "HtmlBuilder\HtmlBuilder.csproj", "{F3ABAF29-A148-4110-A551-050EC3DC574F}"
EndProject
Global
	GlobalSection(SolutionConfigurationPlatforms) = preSolution
		Debug|Any CPU = Debug|Any CPU
		Release|Any CPU = Release|Any CPU
	EndGlobalSection
	GlobalSection(ProjectConfigurationPlatforms) = postSolution
		{92F514BD-5BDD-43F7-B6B3-763EF3F2B1C2}.Debug|Any CPU.ActiveCfg = Debug|Any CPU
		{92F514BD-5BDD-43F7-B6B3-763EF3F2B1C2}.Debug|Any CPU.Build.0 = Debug|Any CPU
		{92F514BD-5BDD-43F7-B6B3-763EF3F2B1C2}.Release|Any CPU.ActiveCfg = Release|Any CPU
		{92F514BD-5BDD-43F7-B6B3-763EF3F2B1C2}.Release|Any CPU.Build.0 = Release|Any CPU
		{F3ABAF29-A148-4110-A551-050EC3DC574F}.Debug|Any CPU.ActiveCfg = Debug|Any CPU
		{F3ABAF29-A148-4110-A551-050EC3DC574F}.Debug|Any CPU.Build.0 = Debug|Any CPU
		{F3ABAF29-A148-4110-A551-050EC3DC574F}.Release|Any CPU.ActiveCfg = Release|Any CPU
		{F3ABAF29-A148-4110-A551-050EC3DC574F}.Release|Any CPU.Build.0 = Release|Any CPU
	EndGlobalSection
	GlobalSection(SolutionProperties) = preSolution
		HideSolutionNode = FALSE
	EndGlobalSection
	GlobalSection(ExtensibilityGlobals) = postSolution
		SolutionGuid = {84FD8607-54A7-488C-9E24-0C8FEEDEDEFC}
	EndGlobalSection
EndGlobal
